// !$*UTF8*$!
{
	archiveVersion = 1;
	classes = {
	};
	objectVersion = 50;
	objects = {

/* Begin PBXBuildFile section */
		43B0D5BA5F50554CB4B078DD /* libPods-LZ_Circular_Progress_Button.a in Frameworks */ = {isa = PBXBuildFile; fileRef = F6EC23E1CB3AC267879334E7 /* libPods-LZ_Circular_Progress_Button.a */; };
		7136C6CA21A3ADFB004AD0D0 /* ViewController.xib in Resources */ = {isa = PBXBuildFile; fileRef = 7136C6C921A3ADFB004AD0D0 /* ViewController.xib */; };
		714F2EBF219EBEF700C12F50 /* AppDelegate.m in Sources */ = {isa = PBXBuildFile; fileRef = 714F2EBE219EBEF700C12F50 /* AppDelegate.m */; };
		714F2EC2219EBEF700C12F50 /* ViewController.m in Sources */ = {isa = PBXBuildFile; fileRef = 714F2EC1219EBEF700C12F50 /* ViewController.m */; };
		714F2EC7219EBF0100C12F50 /* Assets.xcassets in Resources */ = {isa = PBXBuildFile; fileRef = 714F2EC6219EBF0100C12F50 /* Assets.xcassets */; };
		714F2ECA219EBF0100C12F50 /* LaunchScreen.storyboard in Resources */ = {isa = PBXBuildFile; fileRef = 714F2EC8219EBF0100C12F50 /* LaunchScreen.storyboard */; };
		714F2ECD219EBF0100C12F50 /* main.m in Sources */ = {isa = PBXBuildFile; fileRef = 714F2ECC219EBF0100C12F50 /* main.m */; };
		714F2ED6219EBF8E00C12F50 /* CircularProgressButton.m in Sources */ = {isa = PBXBuildFile; fileRef = 714F2ED5219EBF8E00C12F50 /* CircularProgressButton.m */; };
		714F2ED9219EC05000C12F50 /* LZProgressButton.m in Sources */ = {isa = PBXBuildFile; fileRef = 714F2ED8219EC05000C12F50 /* LZProgressButton.m */; };
		714F2EDC219EC07100C12F50 /* LZTitleLabel.m in Sources */ = {isa = PBXBuildFile; fileRef = 714F2EDB219EC07100C12F50 /* LZTitleLabel.m */; };
		714F2EDF219EC08500C12F50 /* LZProgressView.m in Sources */ = {isa = PBXBuildFile; fileRef = 714F2EDE219EC08500C12F50 /* LZProgressView.m */; };
/* End PBXBuildFile section */

/* Begin PBXFileReference section */
		04E49FA8331ECB7C5AF813D8 /* Pods-LZ_Circular_Progress_Button.debug.xcconfig */ = {isa = PBXFileReference; includeInIndex = 1; lastKnownFileType = text.xcconfig; name = "Pods-LZ_Circular_Progress_Button.debug.xcconfig"; path = "Pods/Target Support Files/Pods-LZ_Circular_Progress_Button/Pods-LZ_Circular_Progress_Button.debug.xcconfig"; sourceTree = "<group>"; };
		1E36BFEACFB740D53773AEA9 /* Pods-LZ_Circular_Progress_Button.release.xcconfig */ = {isa = PBXFileReference; includeInIndex = 1; lastKnownFileType = text.xcconfig; name = "Pods-LZ_Circular_Progress_Button.release.xcconfig"; path = "Pods/Target Support Files/Pods-LZ_Circular_Progress_Button/Pods-LZ_Circular_Progress_Button.release.xcconfig"; sourceTree = "<group>"; };
		7136C6C921A3ADFB004AD0D0 /* ViewController.xib */ = {isa = PBXFileReference; lastKnownFileType = file.xib; path = ViewController.xib; sourceTree = "<group>"; };
		714F2EBA219EBEF700C12F50 /* LZ_Circular_Progress_Button.app */ = {isa = PBXFileReference; explicitFileType = wrapper.application; includeInIndex = 0; path = LZ_Circular_Progress_Button.app; sourceTree = BUILT_PRODUCTS_DIR; };
		714F2EBD219EBEF700C12F50 /* AppDelegate.h */ = {isa = PBXFileReference; lastKnownFileType = sourcecode.c.h; path = AppDelegate.h; sourceTree = "<group>"; };
		714F2EBE219EBEF700C12F50 /* AppDelegate.m */ = {isa = PBXFileReference; lastKnownFileType = sourcecode.c.objc; path = AppDelegate.m; sourceTree = "<group>"; };
		714F2EC0219EBEF700C12F50 /* ViewController.h */ = {isa = PBXFileReference; lastKnownFileType = sourcecode.c.h; path = ViewController.h; sourceTree = "<group>"; };
		714F2EC1219EBEF700C12F50 /* ViewController.m */ = {isa = PBXFileReference; lastKnownFileType = sourcecode.c.objc; path = ViewController.m; sourceTree = "<group>"; };
		714F2EC6219EBF0100C12F50 /* Assets.xcassets */ = {isa = PBXFileReference; lastKnownFileType = folder.assetcatalog; path = Assets.xcassets; sourceTree = "<group>"; };
		714F2EC9219EBF0100C12F50 /* Base */ = {isa = PBXFileReference; lastKnownFileType = file.storyboard; name = Base; path = Base.lproj/LaunchScreen.storyboard; sourceTree = "<group>"; };
		714F2ECB219EBF0100C12F50 /* Info.plist */ = {isa = PBXFileReference; lastKnownFileType = text.plist.xml; path = Info.plist; sourceTree = "<group>"; };
		714F2ECC219EBF0100C12F50 /* main.m */ = {isa = PBXFileReference; lastKnownFileType = sourcecode.c.objc; path = main.m; sourceTree = "<group>"; };
		714F2ED4219EBF8E00C12F50 /* CircularProgressButton.h */ = {isa = PBXFileReference; lastKnownFileType = sourcecode.c.h; path = CircularProgressButton.h; sourceTree = "<group>"; };
		714F2ED5219EBF8E00C12F50 /* CircularProgressButton.m */ = {isa = PBXFileReference; lastKnownFileType = sourcecode.c.objc; path = CircularProgressButton.m; sourceTree = "<group>"; };
		714F2ED7219EC05000C12F50 /* LZProgressButton.h */ = {isa = PBXFileReference; lastKnownFileType = sourcecode.c.h; path = LZProgressButton.h; sourceTree = "<group>"; };
		714F2ED8219EC05000C12F50 /* LZProgressButton.m */ = {isa = PBXFileReference; lastKnownFileType = sourcecode.c.objc; path = LZProgressButton.m; sourceTree = "<group>"; };
		714F2EDA219EC07100C12F50 /* LZTitleLabel.h */ = {isa = PBXFileReference; lastKnownFileType = sourcecode.c.h; path = LZTitleLabel.h; sourceTree = "<group>"; };
		714F2EDB219EC07100C12F50 /* LZTitleLabel.m */ = {isa = PBXFileReference; lastKnownFileType = sourcecode.c.objc; path = LZTitleLabel.m; sourceTree = "<group>"; };
		714F2EDD219EC08500C12F50 /* LZProgressView.h */ = {isa = PBXFileReference; lastKnownFileType = sourcecode.c.h; path = LZProgressView.h; sourceTree = "<group>"; };
		714F2EDE219EC08500C12F50 /* LZProgressView.m */ = {isa = PBXFileReference; lastKnownFileType = sourcecode.c.objc; path = LZProgressView.m; sourceTree = "<group>"; };
		714F2EE0219EC0A100C12F50 /* LZDefines.h */ = {isa = PBXFileReference; lastKnownFileType = sourcecode.c.h; path = LZDefines.h; sourceTree = "<group>"; };
		F6EC23E1CB3AC267879334E7 /* libPods-LZ_Circular_Progress_Button.a */ = {isa = PBXFileReference; explicitFileType = archive.ar; includeInIndex = 0; path = "libPods-LZ_Circular_Progress_Button.a"; sourceTree = BUILT_PRODUCTS_DIR; };
/* End PBXFileReference section */

/* Begin PBXFrameworksBuildPhase section */
		714F2EB7219EBEF700C12F50 /* Frameworks */ = {
			isa = PBXFrameworksBuildPhase;
			buildActionMask = 2147483647;
			files = (
				43B0D5BA5F50554CB4B078DD /* libPods-LZ_Circular_Progress_Button.a in Frameworks */,
			);
			runOnlyForDeploymentPostprocessing = 0;
		};
/* End PBXFrameworksBuildPhase section */

/* Begin PBXGroup section */
		5F18A6399674191FA1D4FD8A /* Pods */ = {
			isa = PBXGroup;
			children = (
				04E49FA8331ECB7C5AF813D8 /* Pods-LZ_Circular_Progress_Button.debug.xcconfig */,
				1E36BFEACFB740D53773AEA9 /* Pods-LZ_Circular_Progress_Button.release.xcconfig */,
			);
			name = Pods;
			sourceTree = "<group>";
		};
		714F2EB1219EBEF700C12F50 = {
			isa = PBXGroup;
			children = (
				714F2EBC219EBEF700C12F50 /* LZ_Circular_Progress_Button */,
				714F2EBB219EBEF700C12F50 /* Products */,
				5F18A6399674191FA1D4FD8A /* Pods */,
				D4E2F6ADDCCF0301A7862C4E /* Frameworks */,
			);
			sourceTree = "<group>";
		};
		714F2EBB219EBEF700C12F50 /* Products */ = {
			isa = PBXGroup;
			children = (
				714F2EBA219EBEF700C12F50 /* LZ_Circular_Progress_Button.app */,
			);
			name = Products;
			sourceTree = "<group>";
		};
		714F2EBC219EBEF700C12F50 /* LZ_Circular_Progress_Button */ = {
			isa = PBXGroup;
			children = (
				714F2EBD219EBEF700C12F50 /* AppDelegate.h */,
				714F2EBE219EBEF700C12F50 /* AppDelegate.m */,
				714F2EC0219EBEF700C12F50 /* ViewController.h */,
				714F2EC1219EBEF700C12F50 /* ViewController.m */,
				7136C6C921A3ADFB004AD0D0 /* ViewController.xib */,
				714F2ED3219EBF7100C12F50 /* LZProgressButton */,
				714F2EC6219EBF0100C12F50 /* Assets.xcassets */,
				714F2EC8219EBF0100C12F50 /* LaunchScreen.storyboard */,
				714F2ECB219EBF0100C12F50 /* Info.plist */,
				714F2ECC219EBF0100C12F50 /* main.m */,
			);
			path = LZ_Circular_Progress_Button;
			sourceTree = "<group>";
		};
		714F2ED3219EBF7100C12F50 /* LZProgressButton */ = {
			isa = PBXGroup;
			children = (
				714F2ED4219EBF8E00C12F50 /* CircularProgressButton.h */,
				714F2ED5219EBF8E00C12F50 /* CircularProgressButton.m */,
				714F2ED7219EC05000C12F50 /* LZProgressButton.h */,
				714F2ED8219EC05000C12F50 /* LZProgressButton.m */,
				714F2EDD219EC08500C12F50 /* LZProgressView.h */,
				714F2EDE219EC08500C12F50 /* LZProgressView.m */,
				714F2EDA219EC07100C12F50 /* LZTitleLabel.h */,
				714F2EDB219EC07100C12F50 /* LZTitleLabel.m */,
				714F2EE0219EC0A100C12F50 /* LZDefines.h */,
			);
			path = LZProgressButton;
			sourceTree = "<group>";
		};
		D4E2F6ADDCCF0301A7862C4E /* Frameworks */ = {
			isa = PBXGroup;
			children = (
				F6EC23E1CB3AC267879334E7 /* libPods-LZ_Circular_Progress_Button.a */,
			);
			name = Frameworks;
			sourceTree = "<group>";
		};
/* End PBXGroup section */

/* Begin PBXNativeTarget section */
		714F2EB9219EBEF700C12F50 /* LZ_Circular_Progress_Button */ = {
			isa = PBXNativeTarget;
			buildConfigurationList = 714F2ED0219EBF0100C12F50 /* Build configuration list for PBXNativeTarget "LZ_Circular_Progress_Button" */;
			buildPhases = (
				29EF26E129797AE496CB9480 /* [CP] Check Pods Manifest.lock */,
				714F2EB6219EBEF700C12F50 /* Sources */,
				714F2EB7219EBEF700C12F50 /* Frameworks */,
				714F2EB8219EBEF700C12F50 /* Resources */,
			);
			buildRules = (
			);
			dependencies = (
			);
			name = LZ_Circular_Progress_Button;
			productName = LZ_Circular_Progress_Button;
			productReference = 714F2EBA219EBEF700C12F50 /* LZ_Circular_Progress_Button.app */;
			productType = "com.apple.product-type.application";
		};
/* End PBXNativeTarget section */

/* Begin PBXProject section */
		714F2EB2219EBEF700C12F50 /* Project object */ = {
			isa = PBXProject;
			attributes = {
				LastUpgradeCheck = 1010;
				ORGANIZATIONNAME = Linzhe;
				TargetAttributes = {
					714F2EB9219EBEF700C12F50 = {
						CreatedOnToolsVersion = 10.1;
					};
				};
			};
			buildConfigurationList = 714F2EB5219EBEF700C12F50 /* Build configuration list for PBXProject "LZ_Circular_Progress_Button" */;
			compatibilityVersion = "Xcode 9.3";
			developmentRegion = en;
			hasScannedForEncodings = 0;
			knownRegions = (
				en,
				Base,
			);
			mainGroup = 714F2EB1219EBEF700C12F50;
			productRefGroup = 714F2EBB219EBEF700C12F50 /* Products */;
			projectDirPath = "";
			projectRoot = "";
			targets = (
				714F2EB9219EBEF700C12F50 /* LZ_Circular_Progress_Button */,
			);
		};
/* End PBXProject section */

/* Begin PBXResourcesBuildPhase section */
		714F2EB8219EBEF700C12F50 /* Resources */ = {
			isa = PBXResourcesBuildPhase;
			buildActionMask = 2147483647;
			files = (
				714F2ECA219EBF0100C12F50 /* LaunchScreen.storyboard in Resources */,
				7136C6CA21A3ADFB004AD0D0 /* ViewController.xib in Resources */,
				714F2EC7219EBF0100C12F50 /* Assets.xcassets in Resources */,
			);
			runOnlyForDeploymentPostprocessing = 0;
		};
/* End PBXResourcesBuildPhase section */

/* Begin PBXShellScriptBuildPhase section */
		29EF26E129797AE496CB9480 /* [CP] Check Pods Manifest.lock */ = {
			isa = PBXShellScriptBuildPhase;
			buildActionMask = 2147483647;
			files = (
			);
			inputPaths = (
				"${PODS_PODFILE_DIR_PATH}/Podfile.lock",
				"${PODS_ROOT}/Manifest.lock",
			);
			name = "[CP] Check Pods Manifest.lock";
			outputPaths = (
				"$(DERIVED_FILE_DIR)/Pods-LZ_Circular_Progress_Button-checkManifestLockResult.txt",
			);
			runOnlyForDeploymentPostprocessing = 0;
			shellPath = /bin/sh;
			shellScript = "diff \"${PODS_PODFILE_DIR_PATH}/Podfile.lock\" \"${PODS_ROOT}/Manifest.lock\" > /dev/null\nif [ $? != 0 ] ; then\n    # print error to STDERR\n    echo \"error: The sandbox is not in sync with the Podfile.lock. Run 'pod install' or update your CocoaPods installation.\" >&2\n    exit 1\nfi\n# This output is used by Xcode 'outputs' to avoid re-running this script phase.\necho \"SUCCESS\" > \"${SCRIPT_OUTPUT_FILE_0}\"\n";
			showEnvVarsInLog = 0;
		};
/* End PBXShellScriptBuildPhase section */

/* Begin PBXSourcesBuildPhase section */
		714F2EB6219EBEF700C12F50 /* Sources */ = {
			isa = PBXSourcesBuildPhase;
			buildActionMask = 2147483647;
			files = (
				714F2EC2219EBEF700C12F50 /* ViewController.m in Sources */,
				714F2ED6219EBF8E00C12F50 /* CircularProgressButton.m in Sources */,
				714F2ED9219EC05000C12F50 /* LZProgressButton.m in Sources */,
				714F2ECD219EBF0100C12F50 /* main.m in Sources */,
				714F2EDF219EC08500C12F50 /* LZProgressView.m in Sources */,
				714F2EBF219EBEF700C12F50 /* AppDelegate.m in Sources */,
				714F2EDC219EC07100C12F50 /* LZTitleLabel.m in Sources */,
			);
			runOnlyForDeploymentPostprocessing = 0;
		};
/* End PBXSourcesBuildPhase section */

/* Begin PBXVariantGroup section */
		714F2EC8219EBF0100C12F50 /* LaunchScreen.storyboard */ = {
			isa = PBXVariantGroup;
			children = (
				714F2EC9219EBF0100C12F50 /* Base */,
			);
			name = LaunchScreen.storyboard;
			sourceTree = "<group>";
		};
/* End PBXVariantGroup section */

/* Begin XCBuildConfiguration section */
		714F2ECE219EBF0100C12F50 /* Debug */ = {
			isa = XCBuildConfiguration;
			buildSettings = {
				ALWAYS_SEARCH_USER_PATHS = NO;
				CLANG_ANALYZER_NONNULL = YES;
				CLANG_ANALYZER_NUMBER_OBJECT_CONVERSION = YES_AGGRESSIVE;
				CLANG_CXX_LANGUAGE_STANDARD = "gnu++14";
				CLANG_CXX_LIBRARY = "libc++";
				CLANG_ENABLE_MODULES = YES;
				CLANG_ENABLE_OBJC_ARC = YES;
				CLANG_ENABLE_OBJC_WEAK = YES;
				CLANG_WARN_BLOCK_CAPTURE_AUTORELEASING = YES;
				CLANG_WARN_BOOL_CONVERSION = YES;
				CLANG_WARN_COMMA = YES;
				CLANG_WARN_CONSTANT_CONVERSION = YES;
				CLANG_WARN_DEPRECATED_OBJC_IMPLEMENTATIONS = YES;
				CLANG_WARN_DIRECT_OBJC_ISA_USAGE = YES_ERROR;
				CLANG_WARN_DOCUMENTATION_COMMENTS = YES;
				CLANG_WARN_EMPTY_BODY = YES;
				CLANG_WARN_ENUM_CONVERSION = YES;
				CLANG_WARN_INFINITE_RECURSION = YES;
				CLANG_WARN_INT_CONVERSION = YES;
				CLANG_WARN_NON_LITERAL_NULL_CONVERSION = YES;
				CLANG_WARN_OBJC_IMPLICIT_RETAIN_SELF = YES;
				CLANG_WARN_OBJC_LITERAL_CONVERSION = YES;
				CLANG_WARN_OBJC_ROOT_CLASS = YES_ERROR;
				CLANG_WARN_RANGE_LOOP_ANALYSIS = YES;
				CLANG_WARN_STRICT_PROTOTYPES = YES;
				CLANG_WARN_SUSPICIOUS_MOVE = YES;
				CLANG_WARN_UNGUARDED_AVAILABILITY = YES_AGGRESSIVE;
				CLANG_WARN_UNREACHABLE_CODE = YES;
				CLANG_WARN__DUPLICATE_METHOD_MATCH = YES;
				CODE_SIGN_IDENTITY = "iPhone Developer";
				COPY_PHASE_STRIP = NO;
				DEBUG_INFORMATION_FORMAT = dwarf;
				ENABLE_STRICT_OBJC_MSGSEND = YES;
				ENABLE_TESTABILITY = YES;
				GCC_C_LANGUAGE_STANDARD = gnu11;
				GCC_DYNAMIC_NO_PIC = NO;
				GCC_NO_COMMON_BLOCKS = YES;
				GCC_OPTIMIZATION_LEVEL = 0;
				GCC_PREPROCESSOR_DEFINITIONS = (
					"DEBUG=1",
					"$(inherited)",
				);
				GCC_WARN_64_TO_32_BIT_CONVERSION = YES;
				GCC_WARN_ABOUT_RETURN_TYPE = YES_ERROR;
				GCC_WARN_UNDECLARED_SELECTOR = YES;
				GCC_WARN_UNINITIALIZED_AUTOS = YES_AGGRESSIVE;
				GCC_WARN_UNUSED_FUNCTION = YES;
				GCC_WARN_UNUSED_VARIABLE = YES;
				IPHONEOS_DEPLOYMENT_TARGET = 12.1;
				MTL_ENABLE_DEBUG_INFO = INCLUDE_SOURCE;
				MTL_FAST_MATH = YES;
				ONLY_ACTIVE_ARCH = YES;
				SDKROOT = iphoneos;
			};
			name = Debug;
		};
		714F2ECF219EBF0100C12F50 /* Release */ = {
			isa = XCBuildConfiguration;
			buildSettings = {
				ALWAYS_SEARCH_USER_PATHS = NO;
				CLANG_ANALYZER_NONNULL = YES;
				CLANG_ANALYZER_NUMBER_OBJECT_CONVERSION = YES_AGGRESSIVE;
				CLANG_CXX_LANGUAGE_STANDARD = "gnu++14";
				CLANG_CXX_LIBRARY = "libc++";
				CLANG_ENABLE_MODULES = YES;
				CLANG_ENABLE_OBJC_ARC = YES;
				CLANG_ENABLE_OBJC_WEAK = YES;
				CLANG_WARN_BLOCK_CAPTURE_AUTORELEASING = YES;
				CLANG_WARN_BOOL_CONVERSION = YES;
				CLANG_WARN_COMMA = YES;
				CLANG_WARN_CONSTANT_CONVERSION = YES;
				CLANG_WARN_DEPRECATED_OBJC_IMPLEMENTATIONS = YES;
				CLANG_WARN_DIRECT_OBJC_ISA_USAGE = YES_ERROR;
				CLANG_WARN_DOCUMENTATION_COMMENTS = YES;
				CLANG_WARN_EMPTY_BODY = YES;
				CLANG_WARN_ENUM_CONVERSION = YES;
				CLANG_WARN_INFINITE_RECURSION = YES;
				CLANG_WARN_INT_CONVERSION = YES;
				CLANG_WARN_NON_LITERAL_NULL_CONVERSION = YES;
				CLANG_WARN_OBJC_IMPLICIT_RETAIN_SELF = YES;
				CLANG_WARN_OBJC_LITERAL_CONVERSION = YES;
				CLANG_WARN_OBJC_ROOT_CLASS = YES_ERROR;
				CLANG_WARN_RANGE_LOOP_ANALYSIS = YES;
				CLANG_WARN_STRICT_PROTOTYPES = YES;
				CLANG_WARN_SUSPICIOUS_MOVE = YES;
				CLANG_WARN_UNGUARDED_AVAILABILITY = YES_AGGRESSIVE;
				CLANG_WARN_UNREACHABLE_CODE = YES;
				CLANG_WARN__DUPLICATE_METHOD_MATCH = YES;
				CODE_SIGN_IDENTITY = "iPhone Developer";
				COPY_PHASE_STRIP = NO;
				DEBUG_INFORMATION_FORMAT = "dwarf-with-dsym";
				ENABLE_NS_ASSERTIONS = NO;
				ENABLE_STRICT_OBJC_MSGSEND = YES;
				GCC_C_LANGUAGE_STANDARD = gnu11;
				GCC_NO_COMMON_BLOCKS = YES;
				GCC_WARN_64_TO_32_BIT_CONVERSION = YES;
				GCC_WARN_ABOUT_RETURN_TYPE = YES_ERROR;
				GCC_WARN_UNDECLARED_SELECTOR = YES;
				GCC_WARN_UNINITIALIZED_AUTOS = YES_AGGRESSIVE;
				GCC_WARN_UNUSED_FUNCTION = YES;
				GCC_WARN_UNUSED_VARIABLE = YES;
				IPHONEOS_DEPLOYMENT_TARGET = 12.1;
				MTL_ENABLE_DEBUG_INFO = NO;
				MTL_FAST_MATH = YES;
				SDKROOT = iphoneos;
				VALIDATE_PRODUCT = YES;
			};
			name = Release;
		};
		714F2ED1219EBF0100C12F50 /* Debug */ = {
			isa = XCBuildConfiguration;
			baseConfigurationReference = 04E49FA8331ECB7C5AF813D8 /* Pods-LZ_Circular_Progress_Button.debug.xcconfig */;
			buildSettings = {
				ASSETCATALOG_COMPILER_APPICON_NAME = AppIcon;
				CODE_SIGN_IDENTITY = "iPhone Developer";
				CODE_SIGN_STYLE = Automatic;
				DEVELOPMENT_TEAM = 27W8DS9JT6;
				INFOPLIST_FILE = LZ_Circular_Progress_Button/Info.plist;
				IPHONEOS_DEPLOYMENT_TARGET = 8.0;
				LD_RUNPATH_SEARCH_PATHS = (
					"$(inherited)",
					"@executable_path/Frameworks",
				);
				PRODUCT_BUNDLE_IDENTIFIER = "LLZ.LZ-Circular-Progress-Button";
				PRODUCT_NAME = "$(TARGET_NAME)";
				PROVISIONING_PROFILE_SPECIFIER = "";
				TARGETED_DEVICE_FAMILY = "1,2";
			};
			name = Debug;
		};
		714F2ED2219EBF0100C12F50 /* Release */ = {
			isa = XCBuildConfiguration;
			baseConfigurationReference = 1E36BFEACFB740D53773AEA9 /* Pods-LZ_Circular_Progress_Button.release.xcconfig */;
			buildSettings = {
				ASSETCATALOG_COMPILER_APPICON_NAME = AppIcon;
				CODE_SIGN_IDENTITY = "iPhone Developer";
				CODE_SIGN_STYLE = Automatic;
				DEVELOPMENT_TEAM = 27W8DS9JT6;
				INFOPLIST_FILE = LZ_Circular_Progress_Button/Info.plist;
				IPHONEOS_DEPLOYMENT_TARGET = 8.0;
				LD_RUNPATH_SEARCH_PATHS = (
					"$(inherited)",
					"@executable_path/Frameworks",
				);
				PRODUCT_BUNDLE_IDENTIFIER = "LLZ.LZ-Circular-Progress-Button";
				PRODUCT_NAME = "$(TARGET_NAME)";
				PROVISIONING_PROFILE_SPECIFIER = "";
				TARGETED_DEVICE_FAMILY = "1,2";
			};
			name = Release;
		};
/* End XCBuildConfiguration section */

/* Begin XCConfigurationList section */
		714F2EB5219EBEF700C12F50 /* Build configuration list for PBXProject "LZ_Circular_Progress_Button" */ = {
			isa = XCConfigurationList;
			buildConfigurations = (
				714F2ECE219EBF0100C12F50 /* Debug */,
				714F2ECF219EBF0100C12F50 /* Release */,
			);
			defaultConfigurationIsVisible = 0;
			defaultConfigurationName = Release;
		};
		714F2ED0219EBF0100C12F50 /* Build configuration list for PBXNativeTarget "LZ_Circular_Progress_Button" */ = {
			isa = XCConfigurationList;
			buildConfigurations = (
				714F2ED1219EBF0100C12F50 /* Debug */,
				714F2ED2219EBF0100C12F50 /* Release */,
			);
			defaultConfigurationIsVisible = 0;
			defaultConfigurationName = Release;
		};
/* End XCConfigurationList section */
	};
	rootObject = 714F2EB2219EBEF700C12F50 /* Project object */;
}
